Microsoft Visual Studio Solution File, Format Version 11.00
# Visual Studio 2008

Project("{D782A487-886B-421B-B839-694CB0C1EEE9}") = "Showmaster 9k", "Assembly-CSharp.csproj", "{75D1DF01-63D9-9731-1C16-C564D432DFBA}"
EndProject
Global
	GlobalSection(SolutionConfigurationPlatforms) = preSolution
		Debug|Any CPU = Debug|Any CPU
		Release|Any CPU = Release|Any CPU
	EndGlobalSection
	GlobalSection(ProjectConfigurationPlatforms) = postSolution
		{75D1DF01-63D9-9731-1C16-C564D432DFBA}.Debug|Any CPU.ActiveCfg = Debug|Any CPU
		{75D1DF01-63D9-9731-1C16-C564D432DFBA}.Debug|Any CPU.Build.0 = Debug|Any CPU
		{75D1DF01-63D9-9731-1C16-C564D432DFBA}.Release|Any CPU.ActiveCfg = Release|Any CPU
		{75D1DF01-63D9-9731-1C16-C564D432DFBA}.Release|Any CPU.Build.0 = Release|Any CPU
	EndGlobalSection
	GlobalSection(SolutionProperties) = preSolution
		HideSolutionNode = FALSE
	EndGlobalSection
	GlobalSection(MonoDevelopProperties) = preSolution
		StartupItem = Assembly-CSharp.csproj
	EndGlobalSection
EndGlobal
